
Microsoft Visual Studio Solution File, Format Version 12.00
# Visual Studio Version 17
VisualStudioVersion = 17.5.33414.496
MinimumVisualStudioVersion = 10.0.40219.1
Project("{FAE04EC0-301F-11D3-BF4B-00C04F79EFBC}") = "Maria_Oliveira__8751749_Assignment3", "Maria_Oliveira__8751749_Assignment3.csproj", "{6E57AFE8-2CFA-4BC3-9919-193DAF83760B}"
EndProject
Global
	GlobalSection(SolutionConfigurationPlatforms) = preSolution
		Debug|Any CPU = Debug|Any CPU
		Release|Any CPU = Release|Any CPU
	EndGlobalSection
	GlobalSection(ProjectConfigurationPlatforms) = postSolution
		{6E57AFE8-2CFA-4BC3-9919-193DAF83760B}.Debug|Any CPU.ActiveCfg = Debug|Any CPU
		{6E57AFE8-2CFA-4BC3-9919-193DAF83760B}.Debug|Any CPU.Build.0 = Debug|Any CPU
		{6E57AFE8-2CFA-4BC3-9919-193DAF83760B}.Release|Any CPU.ActiveCfg = Release|Any CPU
		{6E57AFE8-2CFA-4BC3-9919-193DAF83760B}.Release|Any CPU.Build.0 = Release|Any CPU
	EndGlobalSection
	GlobalSection(SolutionProperties) = preSolution
		HideSolutionNode = FALSE
	EndGlobalSection
	GlobalSection(ExtensibilityGlobals) = postSolution
		SolutionGuid = {2C7A3701-2925-4F13-AFAC-F63D740E6F0E}
	EndGlobalSection
EndGlobal
